// !$*UTF8*$!
{
	archiveVersion = 1;
	classes = {
	};
	objectVersion = 55;
	objects = {

/* Begin PBXBuildFile section */
		5E3E7FC6287465CB004D1CDD /* AppDelegate.swift in Sources */ = {isa = PBXBuildFile; fileRef = 5E3E7FC5287465CB004D1CDD /* AppDelegate.swift */; };
		5E3E7FC8287465CB004D1CDD /* SceneDelegate.swift in Sources */ = {isa = PBXBuildFile; fileRef = 5E3E7FC7287465CB004D1CDD /* SceneDelegate.swift */; };
		5E3E7FCA287465CB004D1CDD /* TabBarViewController.swift in Sources */ = {isa = PBXBuildFile; fileRef = 5E3E7FC9287465CB004D1CDD /* TabBarViewController.swift */; };
		5E3E7FCD287465CB004D1CDD /* Main.storyboard in Resources */ = {isa = PBXBuildFile; fileRef = 5E3E7FCB287465CB004D1CDD /* Main.storyboard */; };
		5E3E7FCF287465CD004D1CDD /* Assets.xcassets in Resources */ = {isa = PBXBuildFile; fileRef = 5E3E7FCE287465CD004D1CDD /* Assets.xcassets */; };
		5E3E7FD2287465CD004D1CDD /* LaunchScreen.storyboard in Resources */ = {isa = PBXBuildFile; fileRef = 5E3E7FD0287465CD004D1CDD /* LaunchScreen.storyboard */; };
		5E3E7FDF28747B3D004D1CDD /* PersonData.swift in Sources */ = {isa = PBXBuildFile; fileRef = 5E3E7FDE28747B3D004D1CDD /* PersonData.swift */; };
		5E3E7FE128747D25004D1CDD /* Persons.swift in Sources */ = {isa = PBXBuildFile; fileRef = 5E3E7FE028747D25004D1CDD /* Persons.swift */; };
		5E3E7FE3287483E0004D1CDD /* ContactListTableViewController.swift in Sources */ = {isa = PBXBuildFile; fileRef = 5E3E7FE2287483E0004D1CDD /* ContactListTableViewController.swift */; };
		5E3E7FE528758B01004D1CDD /* ContactDetailsViewController.swift in Sources */ = {isa = PBXBuildFile; fileRef = 5E3E7FE428758B01004D1CDD /* ContactDetailsViewController.swift */; };
		5E3E7FE728758C4B004D1CDD /* SectionTableViewController.swift in Sources */ = {isa = PBXBuildFile; fileRef = 5E3E7FE628758C4B004D1CDD /* SectionTableViewController.swift */; };
/* End PBXBuildFile section */

/* Begin PBXFileReference section */
		5E3E7FC2287465CB004D1CDD /* ContactList.app */ = {isa = PBXFileReference; explicitFileType = wrapper.application; includeInIndex = 0; path = ContactList.app; sourceTree = BUILT_PRODUCTS_DIR; };
		5E3E7FC5287465CB004D1CDD /* AppDelegate.swift */ = {isa = PBXFileReference; lastKnownFileType = sourcecode.swift; path = AppDelegate.swift; sourceTree = "<group>"; };
		5E3E7FC7287465CB004D1CDD /* SceneDelegate.swift */ = {isa = PBXFileReference; lastKnownFileType = sourcecode.swift; path = SceneDelegate.swift; sourceTree = "<group>"; };
		5E3E7FC9287465CB004D1CDD /* TabBarViewController.swift */ = {isa = PBXFileReference; lastKnownFileType = sourcecode.swift; path = TabBarViewController.swift; sourceTree = "<group>"; };
		5E3E7FCC287465CB004D1CDD /* Base */ = {isa = PBXFileReference; lastKnownFileType = file.storyboard; name = Base; path = Base.lproj/Main.storyboard; sourceTree = "<group>"; };
		5E3E7FCE287465CD004D1CDD /* Assets.xcassets */ = {isa = PBXFileReference; lastKnownFileType = folder.assetcatalog; path = Assets.xcassets; sourceTree = "<group>"; };
		5E3E7FD1287465CD004D1CDD /* Base */ = {isa = PBXFileReference; lastKnownFileType = file.storyboard; name = Base; path = Base.lproj/LaunchScreen.storyboard; sourceTree = "<group>"; };
		5E3E7FD3287465CD004D1CDD /* Info.plist */ = {isa = PBXFileReference; lastKnownFileType = text.plist.xml; path = Info.plist; sourceTree = "<group>"; };
		5E3E7FDE28747B3D004D1CDD /* PersonData.swift */ = {isa = PBXFileReference; lastKnownFileType = sourcecode.swift; path = PersonData.swift; sourceTree = "<group>"; };
		5E3E7FE028747D25004D1CDD /* Persons.swift */ = {isa = PBXFileReference; lastKnownFileType = sourcecode.swift; path = Persons.swift; sourceTree = "<group>"; };
		5E3E7FE2287483E0004D1CDD /* ContactListTableViewController.swift */ = {isa = PBXFileReference; lastKnownFileType = sourcecode.swift; path = ContactListTableViewController.swift; sourceTree = "<group>"; };
		5E3E7FE428758B01004D1CDD /* ContactDetailsViewController.swift */ = {isa = PBXFileReference; lastKnownFileType = sourcecode.swift; path = ContactDetailsViewController.swift; sourceTree = "<group>"; };
		5E3E7FE628758C4B004D1CDD /* SectionTableViewController.swift */ = {isa = PBXFileReference; lastKnownFileType = sourcecode.swift; path = SectionTableViewController.swift; sourceTree = "<group>"; };
/* End PBXFileReference section */

/* Begin PBXFrameworksBuildPhase section */
		5E3E7FBF287465CB004D1CDD /* Frameworks */ = {
			isa = PBXFrameworksBuildPhase;
			buildActionMask = 2147483647;
			files = (
			);
			runOnlyForDeploymentPostprocessing = 0;
		};
/* End PBXFrameworksBuildPhase section */

/* Begin PBXGroup section */
		5E3E7FB9287465CB004D1CDD = {
			isa = PBXGroup;
			children = (
				5E3E7FC4287465CB004D1CDD /* ContactList */,
				5E3E7FC3287465CB004D1CDD /* Products */,
			);
			sourceTree = "<group>";
		};
		5E3E7FC3287465CB004D1CDD /* Products */ = {
			isa = PBXGroup;
			children = (
				5E3E7FC2287465CB004D1CDD /* ContactList.app */,
			);
			name = Products;
			sourceTree = "<group>";
		};
		5E3E7FC4287465CB004D1CDD /* ContactList */ = {
			isa = PBXGroup;
			children = (
				5E3E7FDD28747B24004D1CDD /* Models */,
				5E3E7FD928747A19004D1CDD /* Storyboards */,
				5E3E7FDA28747A3A004D1CDD /* Supports */,
				5E3E7FDB28747AAE004D1CDD /* Resourses */,
				5E3E7FDC28747AC8004D1CDD /* ViewControllers */,
			);
			path = ContactList;
			sourceTree = "<group>";
		};
		5E3E7FD928747A19004D1CDD /* Storyboards */ = {
			isa = PBXGroup;
			children = (
				5E3E7FCB287465CB004D1CDD /* Main.storyboard */,
				5E3E7FD0287465CD004D1CDD /* LaunchScreen.storyboard */,
			);
			path = Storyboards;
			sourceTree = "<group>";
		};
		5E3E7FDA28747A3A004D1CDD /* Supports */ = {
			isa = PBXGroup;
			children = (
				5E3E7FC5287465CB004D1CDD /* AppDelegate.swift */,
				5E3E7FC7287465CB004D1CDD /* SceneDelegate.swift */,
				5E3E7FD3287465CD004D1CDD /* Info.plist */,
			);
			path = Supports;
			sourceTree = "<group>";
		};
		5E3E7FDB28747AAE004D1CDD /* Resourses */ = {
			isa = PBXGroup;
			children = (
				5E3E7FCE287465CD004D1CDD /* Assets.xcassets */,
			);
			path = Resourses;
			sourceTree = "<group>";
		};
		5E3E7FDC28747AC8004D1CDD /* ViewControllers */ = {
			isa = PBXGroup;
			children = (
				5E3E7FC9287465CB004D1CDD /* TabBarViewController.swift */,
				5E3E7FE2287483E0004D1CDD /* ContactListTableViewController.swift */,
				5E3E7FE428758B01004D1CDD /* ContactDetailsViewController.swift */,
				5E3E7FE628758C4B004D1CDD /* SectionTableViewController.swift */,
			);
			path = ViewControllers;
			sourceTree = "<group>";
		};
		5E3E7FDD28747B24004D1CDD /* Models */ = {
			isa = PBXGroup;
			children = (
				5E3E7FDE28747B3D004D1CDD /* PersonData.swift */,
				5E3E7FE028747D25004D1CDD /* Persons.swift */,
			);
			path = Models;
			sourceTree = "<group>";
		};
/* End PBXGroup section */

/* Begin PBXNativeTarget section */
		5E3E7FC1287465CB004D1CDD /* ContactList */ = {
			isa = PBXNativeTarget;
			buildConfigurationList = 5E3E7FD6287465CD004D1CDD /* Build configuration list for PBXNativeTarget "ContactList" */;
			buildPhases = (
				5E3E7FBE287465CB004D1CDD /* Sources */,
				5E3E7FBF287465CB004D1CDD /* Frameworks */,
				5E3E7FC0287465CB004D1CDD /* Resources */,
			);
			buildRules = (
			);
			dependencies = (
			);
			name = ContactList;
			productName = ContactList;
			productReference = 5E3E7FC2287465CB004D1CDD /* ContactList.app */;
			productType = "com.apple.product-type.application";
		};
/* End PBXNativeTarget section */

/* Begin PBXProject section */
		5E3E7FBA287465CB004D1CDD /* Project object */ = {
			isa = PBXProject;
			attributes = {
				BuildIndependentTargetsInParallel = 1;
				LastSwiftUpdateCheck = 1340;
				LastUpgradeCheck = 1340;
				TargetAttributes = {
					5E3E7FC1287465CB004D1CDD = {
						CreatedOnToolsVersion = 13.4.1;
					};
				};
			};
			buildConfigurationList = 5E3E7FBD287465CB004D1CDD /* Build configuration list for PBXProject "ContactList" */;
			compatibilityVersion = "Xcode 13.0";
			developmentRegion = en;
			hasScannedForEncodings = 0;
			knownRegions = (
				en,
				Base,
			);
			mainGroup = 5E3E7FB9287465CB004D1CDD;
			productRefGroup = 5E3E7FC3287465CB004D1CDD /* Products */;
			projectDirPath = "";
			projectRoot = "";
			targets = (
				5E3E7FC1287465CB004D1CDD /* ContactList */,
			);
		};
/* End PBXProject section */

/* Begin PBXResourcesBuildPhase section */
		5E3E7FC0287465CB004D1CDD /* Resources */ = {
			isa = PBXResourcesBuildPhase;
			buildActionMask = 2147483647;
			files = (
				5E3E7FD2287465CD004D1CDD /* LaunchScreen.storyboard in Resources */,
				5E3E7FCF287465CD004D1CDD /* Assets.xcassets in Resources */,
				5E3E7FCD287465CB004D1CDD /* Main.storyboard in Resources */,
			);
			runOnlyForDeploymentPostprocessing = 0;
		};
/* End PBXResourcesBuildPhase section */

/* Begin PBXSourcesBuildPhase section */
		5E3E7FBE287465CB004D1CDD /* Sources */ = {
			isa = PBXSourcesBuildPhase;
			buildActionMask = 2147483647;
			files = (
				5E3E7FE3287483E0004D1CDD /* ContactListTableViewController.swift in Sources */,
				5E3E7FE528758B01004D1CDD /* ContactDetailsViewController.swift in Sources */,
				5E3E7FDF28747B3D004D1CDD /* PersonData.swift in Sources */,
				5E3E7FE728758C4B004D1CDD /* SectionTableViewController.swift in Sources */,
				5E3E7FCA287465CB004D1CDD /* TabBarViewController.swift in Sources */,
				5E3E7FC6287465CB004D1CDD /* AppDelegate.swift in Sources */,
				5E3E7FE128747D25004D1CDD /* Persons.swift in Sources */,
				5E3E7FC8287465CB004D1CDD /* SceneDelegate.swift in Sources */,
			);
			runOnlyForDeploymentPostprocessing = 0;
		};
/* End PBXSourcesBuildPhase section */

/* Begin PBXVariantGroup section */
		5E3E7FCB287465CB004D1CDD /* Main.storyboard */ = {
			isa = PBXVariantGroup;
			children = (
				5E3E7FCC287465CB004D1CDD /* Base */,
			);
			name = Main.storyboard;
			sourceTree = "<group>";
		};
		5E3E7FD0287465CD004D1CDD /* LaunchScreen.storyboard */ = {
			isa = PBXVariantGroup;
			children = (
				5E3E7FD1287465CD004D1CDD /* Base */,
			);
			name = LaunchScreen.storyboard;
			sourceTree = "<group>";
		};
/* End PBXVariantGroup section */

/* Begin XCBuildConfiguration section */
		5E3E7FD4287465CD004D1CDD /* Debug */ = {
			isa = XCBuildConfiguration;
			buildSettings = {
				ALWAYS_SEARCH_USER_PATHS = NO;
				CLANG_ANALYZER_NONNULL = YES;
				CLANG_ANALYZER_NUMBER_OBJECT_CONVERSION = YES_AGGRESSIVE;
				CLANG_CXX_LANGUAGE_STANDARD = "gnu++17";
				CLANG_ENABLE_MODULES = YES;
				CLANG_ENABLE_OBJC_ARC = YES;
				CLANG_ENABLE_OBJC_WEAK = YES;
				CLANG_WARN_BLOCK_CAPTURE_AUTORELEASING = YES;
				CLANG_WARN_BOOL_CONVERSION = YES;
				CLANG_WARN_COMMA = YES;
				CLANG_WARN_CONSTANT_CONVERSION = YES;
				CLANG_WARN_DEPRECATED_OBJC_IMPLEMENTATIONS = YES;
				CLANG_WARN_DIRECT_OBJC_ISA_USAGE = YES_ERROR;
				CLANG_WARN_DOCUMENTATION_COMMENTS = YES;
				CLANG_WARN_EMPTY_BODY = YES;
				CLANG_WARN_ENUM_CONVERSION = YES;
				CLANG_WARN_INFINITE_RECURSION = YES;
				CLANG_WARN_INT_CONVERSION = YES;
				CLANG_WARN_NON_LITERAL_NULL_CONVERSION = YES;
				CLANG_WARN_OBJC_IMPLICIT_RETAIN_SELF = YES;
				CLANG_WARN_OBJC_LITERAL_CONVERSION = YES;
				CLANG_WARN_OBJC_ROOT_CLASS = YES_ERROR;
				CLANG_WARN_QUOTED_INCLUDE_IN_FRAMEWORK_HEADER = YES;
				CLANG_WARN_RANGE_LOOP_ANALYSIS = YES;
				CLANG_WARN_STRICT_PROTOTYPES = YES;
				CLANG_WARN_SUSPICIOUS_MOVE = YES;
				CLANG_WARN_UNGUARDED_AVAILABILITY = YES_AGGRESSIVE;
				CLANG_WARN_UNREACHABLE_CODE = YES;
				CLANG_WARN__DUPLICATE_METHOD_MATCH = YES;
				COPY_PHASE_STRIP = NO;
				DEBUG_INFORMATION_FORMAT = dwarf;
				ENABLE_STRICT_OBJC_MSGSEND = YES;
				ENABLE_TESTABILITY = YES;
				GCC_C_LANGUAGE_STANDARD = gnu11;
				GCC_DYNAMIC_NO_PIC = NO;
				GCC_NO_COMMON_BLOCKS = YES;
				GCC_OPTIMIZATION_LEVEL = 0;
				GCC_PREPROCESSOR_DEFINITIONS = (
					"DEBUG=1",
					"$(inherited)",
				);
				GCC_WARN_64_TO_32_BIT_CONVERSION = YES;
				GCC_WARN_ABOUT_RETURN_TYPE = YES_ERROR;
				GCC_WARN_UNDECLARED_SELECTOR = YES;
				GCC_WARN_UNINITIALIZED_AUTOS = YES_AGGRESSIVE;
				GCC_WARN_UNUSED_FUNCTION = YES;
				GCC_WARN_UNUSED_VARIABLE = YES;
				IPHONEOS_DEPLOYMENT_TARGET = 15.5;
				MTL_ENABLE_DEBUG_INFO = INCLUDE_SOURCE;
				MTL_FAST_MATH = YES;
				ONLY_ACTIVE_ARCH = YES;
				SDKROOT = iphoneos;
				SWIFT_ACTIVE_COMPILATION_CONDITIONS = DEBUG;
				SWIFT_OPTIMIZATION_LEVEL = "-Onone";
			};
			name = Debug;
		};
		5E3E7FD5287465CD004D1CDD /* Release */ = {
			isa = XCBuildConfiguration;
			buildSettings = {
				ALWAYS_SEARCH_USER_PATHS = NO;
				CLANG_ANALYZER_NONNULL = YES;
				CLANG_ANALYZER_NUMBER_OBJECT_CONVERSION = YES_AGGRESSIVE;
				CLANG_CXX_LANGUAGE_STANDARD = "gnu++17";
				CLANG_ENABLE_MODULES = YES;
				CLANG_ENABLE_OBJC_ARC = YES;
				CLANG_ENABLE_OBJC_WEAK = YES;
				CLANG_WARN_BLOCK_CAPTURE_AUTORELEASING = YES;
				CLANG_WARN_BOOL_CONVERSION = YES;
				CLANG_WARN_COMMA = YES;
				CLANG_WARN_CONSTANT_CONVERSION = YES;
				CLANG_WARN_DEPRECATED_OBJC_IMPLEMENTATIONS = YES;
				CLANG_WARN_DIRECT_OBJC_ISA_USAGE = YES_ERROR;
				CLANG_WARN_DOCUMENTATION_COMMENTS = YES;
				CLANG_WARN_EMPTY_BODY = YES;
				CLANG_WARN_ENUM_CONVERSION = YES;
				CLANG_WARN_INFINITE_RECURSION = YES;
				CLANG_WARN_INT_CONVERSION = YES;
				CLANG_WARN_NON_LITERAL_NULL_CONVERSION = YES;
				CLANG_WARN_OBJC_IMPLICIT_RETAIN_SELF = YES;
				CLANG_WARN_OBJC_LITERAL_CONVERSION = YES;
				CLANG_WARN_OBJC_ROOT_CLASS = YES_ERROR;
				CLANG_WARN_QUOTED_INCLUDE_IN_FRAMEWORK_HEADER = YES;
				CLANG_WARN_RANGE_LOOP_ANALYSIS = YES;
				CLANG_WARN_STRICT_PROTOTYPES = YES;
				CLANG_WARN_SUSPICIOUS_MOVE = YES;
				CLANG_WARN_UNGUARDED_AVAILABILITY = YES_AGGRESSIVE;
				CLANG_WARN_UNREACHABLE_CODE = YES;
				CLANG_WARN__DUPLICATE_METHOD_MATCH = YES;
				COPY_PHASE_STRIP = NO;
				DEBUG_INFORMATION_FORMAT = "dwarf-with-dsym";
				ENABLE_NS_ASSERTIONS = NO;
				ENABLE_STRICT_OBJC_MSGSEND = YES;
				GCC_C_LANGUAGE_STANDARD = gnu11;
				GCC_NO_COMMON_BLOCKS = YES;
				GCC_WARN_64_TO_32_BIT_CONVERSION = YES;
				GCC_WARN_ABOUT_RETURN_TYPE = YES_ERROR;
				GCC_WARN_UNDECLARED_SELECTOR = YES;
				GCC_WARN_UNINITIALIZED_AUTOS = YES_AGGRESSIVE;
				GCC_WARN_UNUSED_FUNCTION = YES;
				GCC_WARN_UNUSED_VARIABLE = YES;
				IPHONEOS_DEPLOYMENT_TARGET = 15.5;
				MTL_ENABLE_DEBUG_INFO = NO;
				MTL_FAST_MATH = YES;
				SDKROOT = iphoneos;
				SWIFT_COMPILATION_MODE = wholemodule;
				SWIFT_OPTIMIZATION_LEVEL = "-O";
				VALIDATE_PRODUCT = YES;
			};
			name = Release;
		};
		5E3E7FD7287465CD004D1CDD /* Debug */ = {
			isa = XCBuildConfiguration;
			buildSettings = {
				ASSETCATALOG_COMPILER_APPICON_NAME = AppIcon;
				ASSETCATALOG_COMPILER_GLOBAL_ACCENT_COLOR_NAME = AccentColor;
				CODE_SIGN_STYLE = Automatic;
				CURRENT_PROJECT_VERSION = 1;
				DEVELOPMENT_TEAM = 5V5TAGZG5N;
				GENERATE_INFOPLIST_FILE = YES;
				INFOPLIST_FILE = ContactList/Supports/Info.plist;
				INFOPLIST_KEY_UIApplicationSupportsIndirectInputEvents = YES;
				INFOPLIST_KEY_UILaunchStoryboardName = LaunchScreen;
				INFOPLIST_KEY_UIMainStoryboardFile = Main;
				INFOPLIST_KEY_UISupportedInterfaceOrientations = UIInterfaceOrientationPortrait;
				INFOPLIST_KEY_UISupportedInterfaceOrientations_iPad = "UIInterfaceOrientationPortrait UIInterfaceOrientationPortraitUpsideDown UIInterfaceOrientationLandscapeLeft UIInterfaceOrientationLandscapeRight";
				INFOPLIST_KEY_UISupportedInterfaceOrientations_iPhone = "UIInterfaceOrientationPortrait UIInterfaceOrientationLandscapeLeft UIInterfaceOrientationLandscapeRight";
				LD_RUNPATH_SEARCH_PATHS = (
					"$(inherited)",
					"@executable_path/Frameworks",
				);
				MARKETING_VERSION = 1.0;
				PRODUCT_BUNDLE_IDENTIFIER = SAT.ContactList;
				PRODUCT_NAME = "$(TARGET_NAME)";
				SWIFT_EMIT_LOC_STRINGS = YES;
				SWIFT_VERSION = 5.0;
				TARGETED_DEVICE_FAMILY = 1;
			};
			name = Debug;
		};
		5E3E7FD8287465CD004D1CDD /* Release */ = {
			isa = XCBuildConfiguration;
			buildSettings = {
				ASSETCATALOG_COMPILER_APPICON_NAME = AppIcon;
				ASSETCATALOG_COMPILER_GLOBAL_ACCENT_COLOR_NAME = AccentColor;
				CODE_SIGN_STYLE = Automatic;
				CURRENT_PROJECT_VERSION = 1;
				DEVELOPMENT_TEAM = 5V5TAGZG5N;
				GENERATE_INFOPLIST_FILE = YES;
				INFOPLIST_FILE = ContactList/Supports/Info.plist;
				INFOPLIST_KEY_UIApplicationSupportsIndirectInputEvents = YES;
				INFOPLIST_KEY_UILaunchStoryboardName = LaunchScreen;
				INFOPLIST_KEY_UIMainStoryboardFile = Main;
				INFOPLIST_KEY_UISupportedInterfaceOrientations = UIInterfaceOrientationPortrait;
				INFOPLIST_KEY_UISupportedInterfaceOrientations_iPad = "UIInterfaceOrientationPortrait UIInterfaceOrientationPortraitUpsideDown UIInterfaceOrientationLandscapeLeft UIInterfaceOrientationLandscapeRight";
				INFOPLIST_KEY_UISupportedInterfaceOrientations_iPhone = "UIInterfaceOrientationPortrait UIInterfaceOrientationLandscapeLeft UIInterfaceOrientationLandscapeRight";
				LD_RUNPATH_SEARCH_PATHS = (
					"$(inherited)",
					"@executable_path/Frameworks",
				);
				MARKETING_VERSION = 1.0;
				PRODUCT_BUNDLE_IDENTIFIER = SAT.ContactList;
				PRODUCT_NAME = "$(TARGET_NAME)";
				SWIFT_EMIT_LOC_STRINGS = YES;
				SWIFT_VERSION = 5.0;
				TARGETED_DEVICE_FAMILY = 1;
			};
			name = Release;
		};
/* End XCBuildConfiguration section */

/* Begin XCConfigurationList section */
		5E3E7FBD287465CB004D1CDD /* Build configuration list for PBXProject "ContactList" */ = {
			isa = XCConfigurationList;
			buildConfigurations = (
				5E3E7FD4287465CD004D1CDD /* Debug */,
				5E3E7FD5287465CD004D1CDD /* Release */,
			);
			defaultConfigurationIsVisible = 0;
			defaultConfigurationName = Release;
		};
		5E3E7FD6287465CD004D1CDD /* Build configuration list for PBXNativeTarget "ContactList" */ = {
			isa = XCConfigurationList;
			buildConfigurations = (
				5E3E7FD7287465CD004D1CDD /* Debug */,
				5E3E7FD8287465CD004D1CDD /* Release */,
			);
			defaultConfigurationIsVisible = 0;
			defaultConfigurationName = Release;
		};
/* End XCConfigurationList section */
	};
	rootObject = 5E3E7FBA287465CB004D1CDD /* Project object */;
}
